
Microsoft Visual Studio Solution File, Format Version 12.00
# Visual Studio Version 17
VisualStudioVersion = 17.1.32319.34
MinimumVisualStudioVersion = 10.0.40219.1
Project("{9A19103F-16F7-4668-BE54-9A1E7A4F7556}") = "ChapterZero", "ChapterZero\ChapterZero.csproj", "{107C76F7-312E-47D2-A838-1949760083DF}"
EndProject
Project("{9A19103F-16F7-4668-BE54-9A1E7A4F7556}") = "ChapterFirst", "ChapterFirst\ChapterFirst.csproj", "{4106F661-75F5-480B-B3E1-14430D8B3161}"
EndProject
Project("{FAE04EC0-301F-11D3-BF4B-00C04F79EFBC}") = "ChapterFirst_DatabaseFirst", "ChapterFirst_DatabaseFirst\ChapterFirst_DatabaseFirst.csproj", "{292D6C77-5251-4391-A8A7-25682D013473}"
EndProject
Global
	GlobalSection(SolutionConfigurationPlatforms) = preSolution
		Debug|Any CPU = Debug|Any CPU
		Release|Any CPU = Release|Any CPU
	EndGlobalSection
	GlobalSection(ProjectConfigurationPlatforms) = postSolution
		{107C76F7-312E-47D2-A838-1949760083DF}.Debug|Any CPU.ActiveCfg = Debug|Any CPU
		{107C76F7-312E-47D2-A838-1949760083DF}.Debug|Any CPU.Build.0 = Debug|Any CPU
		{107C76F7-312E-47D2-A838-1949760083DF}.Release|Any CPU.ActiveCfg = Release|Any CPU
		{107C76F7-312E-47D2-A838-1949760083DF}.Release|Any CPU.Build.0 = Release|Any CPU
		{4106F661-75F5-480B-B3E1-14430D8B3161}.Debug|Any CPU.ActiveCfg = Debug|Any CPU
		{4106F661-75F5-480B-B3E1-14430D8B3161}.Debug|Any CPU.Build.0 = Debug|Any CPU
		{4106F661-75F5-480B-B3E1-14430D8B3161}.Release|Any CPU.ActiveCfg = Release|Any CPU
		{4106F661-75F5-480B-B3E1-14430D8B3161}.Release|Any CPU.Build.0 = Release|Any CPU
		{292D6C77-5251-4391-A8A7-25682D013473}.Debug|Any CPU.ActiveCfg = Debug|Any CPU
		{292D6C77-5251-4391-A8A7-25682D013473}.Debug|Any CPU.Build.0 = Debug|Any CPU
		{292D6C77-5251-4391-A8A7-25682D013473}.Release|Any CPU.ActiveCfg = Release|Any CPU
		{292D6C77-5251-4391-A8A7-25682D013473}.Release|Any CPU.Build.0 = Release|Any CPU
	EndGlobalSection
	GlobalSection(SolutionProperties) = preSolution
		HideSolutionNode = FALSE
	EndGlobalSection
	GlobalSection(ExtensibilityGlobals) = postSolution
		SolutionGuid = {D9E2196F-5F57-4722-9258-9B15EDEE5292}
	EndGlobalSection
EndGlobal
